
Microsoft Visual Studio Solution File, Format Version 12.00
# Visual Studio Version 16
VisualStudioVersion = 16.0.30517.126
MinimumVisualStudioVersion = 10.0.40219.1
Project("{FAE04EC0-301F-11D3-BF4B-00C04F79EFBC}") = "FileSystem", "FileSystem\FileSystem.csproj", "{2ACF0828-5CB1-49D2-AA27-D54868E8A69C}"
EndProject
Global
	GlobalSection(SolutionConfigurationPlatforms) = preSolution
		Debug|Any CPU = Debug|Any CPU
		Release|Any CPU = Release|Any CPU
	EndGlobalSection
	GlobalSection(ProjectConfigurationPlatforms) = postSolution
		{2ACF0828-5CB1-49D2-AA27-D54868E8A69C}.Debug|Any CPU.ActiveCfg = Debug|Any CPU
		{2ACF0828-5CB1-49D2-AA27-D54868E8A69C}.Debug|Any CPU.Build.0 = Debug|Any CPU
		{2ACF0828-5CB1-49D2-AA27-D54868E8A69C}.Release|Any CPU.ActiveCfg = Release|Any CPU
		{2ACF0828-5CB1-49D2-AA27-D54868E8A69C}.Release|Any CPU.Build.0 = Release|Any CPU
	EndGlobalSection
	GlobalSection(SolutionProperties) = preSolution
		HideSolutionNode = FALSE
	EndGlobalSection
	GlobalSection(ExtensibilityGlobals) = postSolution
		SolutionGuid = {1C8B8593-7D00-4F82-9A1A-6FBC0FFF032F}
	EndGlobalSection
EndGlobal
